
Microsoft Visual Studio Solution File, Format Version 12.00
# Visual Studio 15
Project("{FAE04EC0-301F-11D3-BF4B-00C04F79EFBC}") = "sc.stylizedgrass.runtime", "sc.stylizedgrass.runtime.csproj", "{397FC45D-6D07-A6F5-D28C-511834FA9B7A}"
EndProject
Project("{FAE04EC0-301F-11D3-BF4B-00C04F79EFBC}") = "sc.stylizedgrass.demo.runtime", "sc.stylizedgrass.demo.runtime.csproj", "{432969CA-657F-20B6-531E-22011175FD27}"
EndProject
Project("{FAE04EC0-301F-11D3-BF4B-00C04F79EFBC}") = "sc.stylizedgrass.editor", "sc.stylizedgrass.editor.csproj", "{D9436A54-783E-5B45-2F93-43DC2C28C78C}"
EndProject
Global
	GlobalSection(SolutionConfigurationPlatforms) = preSolution
		Debug|Any CPU = Debug|Any CPU
		Release|Any CPU = Release|Any CPU
	EndGlobalSection
	GlobalSection(ProjectConfigurationPlatforms) = postSolution
		{397FC45D-6D07-A6F5-D28C-511834FA9B7A}.Debug|Any CPU.ActiveCfg = Debug|Any CPU
		{397FC45D-6D07-A6F5-D28C-511834FA9B7A}.Debug|Any CPU.Build.0 = Debug|Any CPU
		{397FC45D-6D07-A6F5-D28C-511834FA9B7A}.Release|Any CPU.ActiveCfg = Release|Any CPU
		{397FC45D-6D07-A6F5-D28C-511834FA9B7A}.Release|Any CPU.Build.0 = Release|Any CPU
		{432969CA-657F-20B6-531E-22011175FD27}.Debug|Any CPU.ActiveCfg = Debug|Any CPU
		{432969CA-657F-20B6-531E-22011175FD27}.Debug|Any CPU.Build.0 = Debug|Any CPU
		{432969CA-657F-20B6-531E-22011175FD27}.Release|Any CPU.ActiveCfg = Release|Any CPU
		{432969CA-657F-20B6-531E-22011175FD27}.Release|Any CPU.Build.0 = Release|Any CPU
		{D9436A54-783E-5B45-2F93-43DC2C28C78C}.Debug|Any CPU.ActiveCfg = Debug|Any CPU
		{D9436A54-783E-5B45-2F93-43DC2C28C78C}.Debug|Any CPU.Build.0 = Debug|Any CPU
		{D9436A54-783E-5B45-2F93-43DC2C28C78C}.Release|Any CPU.ActiveCfg = Release|Any CPU
		{D9436A54-783E-5B45-2F93-43DC2C28C78C}.Release|Any CPU.Build.0 = Release|Any CPU
	EndGlobalSection
	GlobalSection(SolutionProperties) = preSolution
		HideSolutionNode = FALSE
	EndGlobalSection
EndGlobal
